
Microsoft Visual Studio Solution File, Format Version 12.00
# Visual Studio Version 17
VisualStudioVersion = 17.9.34310.174
MinimumVisualStudioVersion = 10.0.40219.1
Project("{9A19103F-16F7-4668-BE54-9A1E7A4F7556}") = "OcsfDemo", "OcsfDemo\OcsfDemo.csproj", "{B15DAECC-DEE3-4B66-B98C-646099D38395}"
EndProject
Project("{9A19103F-16F7-4668-BE54-9A1E7A4F7556}") = "OcsfAzureAd", "OcsfAzureAd\OcsfAzureAd.csproj", "{1F55A126-F334-400F-8ED4-F0226D57E722}"
EndProject
Project("{9A19103F-16F7-4668-BE54-9A1E7A4F7556}") = "OcsfAzureAd.Tests", "OcsfAzureAd.Tests\OcsfAzureAd.Tests.csproj", "{CB2DA405-F8F1-49FA-B143-CBBC399CAA29}"
EndProject
Project("{FAE04EC0-301F-11D3-BF4B-00C04F79EFBC}") = "Ocsf.Schema", "Ocsf.Schema\Ocsf.Schema.csproj", "{CA385798-76E0-4118-AF0C-F5FB1274448F}"
EndProject
Global
	GlobalSection(SolutionConfigurationPlatforms) = preSolution
		Debug|Any CPU = Debug|Any CPU
		Release|Any CPU = Release|Any CPU
	EndGlobalSection
	GlobalSection(ProjectConfigurationPlatforms) = postSolution
		{B15DAECC-DEE3-4B66-B98C-646099D38395}.Debug|Any CPU.ActiveCfg = Debug|Any CPU
		{B15DAECC-DEE3-4B66-B98C-646099D38395}.Debug|Any CPU.Build.0 = Debug|Any CPU
		{B15DAECC-DEE3-4B66-B98C-646099D38395}.Release|Any CPU.ActiveCfg = Release|Any CPU
		{B15DAECC-DEE3-4B66-B98C-646099D38395}.Release|Any CPU.Build.0 = Release|Any CPU
		{1F55A126-F334-400F-8ED4-F0226D57E722}.Debug|Any CPU.ActiveCfg = Debug|Any CPU
		{1F55A126-F334-400F-8ED4-F0226D57E722}.Debug|Any CPU.Build.0 = Debug|Any CPU
		{1F55A126-F334-400F-8ED4-F0226D57E722}.Release|Any CPU.ActiveCfg = Release|Any CPU
		{1F55A126-F334-400F-8ED4-F0226D57E722}.Release|Any CPU.Build.0 = Release|Any CPU
		{CB2DA405-F8F1-49FA-B143-CBBC399CAA29}.Debug|Any CPU.ActiveCfg = Debug|Any CPU
		{CB2DA405-F8F1-49FA-B143-CBBC399CAA29}.Debug|Any CPU.Build.0 = Debug|Any CPU
		{CB2DA405-F8F1-49FA-B143-CBBC399CAA29}.Release|Any CPU.ActiveCfg = Release|Any CPU
		{CB2DA405-F8F1-49FA-B143-CBBC399CAA29}.Release|Any CPU.Build.0 = Release|Any CPU
		{CA385798-76E0-4118-AF0C-F5FB1274448F}.Debug|Any CPU.ActiveCfg = Debug|Any CPU
		{CA385798-76E0-4118-AF0C-F5FB1274448F}.Debug|Any CPU.Build.0 = Debug|Any CPU
		{CA385798-76E0-4118-AF0C-F5FB1274448F}.Release|Any CPU.ActiveCfg = Release|Any CPU
		{CA385798-76E0-4118-AF0C-F5FB1274448F}.Release|Any CPU.Build.0 = Release|Any CPU
	EndGlobalSection
	GlobalSection(SolutionProperties) = preSolution
		HideSolutionNode = FALSE
	EndGlobalSection
	GlobalSection(ExtensibilityGlobals) = postSolution
		SolutionGuid = {B5E1B4BC-F8E1-43FA-A03E-A4AD6BD7DE48}
	EndGlobalSection
EndGlobal
